// !$*UTF8*$!
{
	archiveVersion = 1;
	classes = {
	};
	objectVersion = 50;
	objects = {

/* Begin PBXBuildFile section */
		84A724D724A9CD46004A2B36 /* AppDelegate.swift in Sources */ = {isa = PBXBuildFile; fileRef = 84A724D624A9CD46004A2B36 /* AppDelegate.swift */; };
		84A724D924A9CD46004A2B36 /* SceneDelegate.swift in Sources */ = {isa = PBXBuildFile; fileRef = 84A724D824A9CD46004A2B36 /* SceneDelegate.swift */; };
		84A724DB24A9CD46004A2B36 /* ContentView.swift in Sources */ = {isa = PBXBuildFile; fileRef = 84A724DA24A9CD46004A2B36 /* ContentView.swift */; };
		84A724DD24A9CD52004A2B36 /* Assets.xcassets in Resources */ = {isa = PBXBuildFile; fileRef = 84A724DC24A9CD52004A2B36 /* Assets.xcassets */; };
		84A724E024A9CD52004A2B36 /* Preview Assets.xcassets in Resources */ = {isa = PBXBuildFile; fileRef = 84A724DF24A9CD52004A2B36 /* Preview Assets.xcassets */; };
		84A724E324A9CD52004A2B36 /* LaunchScreen.storyboard in Resources */ = {isa = PBXBuildFile; fileRef = 84A724E124A9CD52004A2B36 /* LaunchScreen.storyboard */; };
		84A724ED24A9CDBB004A2B36 /* MenuView.swift in Sources */ = {isa = PBXBuildFile; fileRef = 84A724EC24A9CDBB004A2B36 /* MenuView.swift */; };
		84A724EF24A9CEAA004A2B36 /* TodayDataView.swift in Sources */ = {isa = PBXBuildFile; fileRef = 84A724EE24A9CEAA004A2B36 /* TodayDataView.swift */; };
		84A724F124A9CED3004A2B36 /* AddDataView.swift in Sources */ = {isa = PBXBuildFile; fileRef = 84A724F024A9CED3004A2B36 /* AddDataView.swift */; };
		84A724F324A9D3FE004A2B36 /* MenuViewModel.swift in Sources */ = {isa = PBXBuildFile; fileRef = 84A724F224A9D3FE004A2B36 /* MenuViewModel.swift */; };
		84A724F524A9DA83004A2B36 /* ArchiveView.swift in Sources */ = {isa = PBXBuildFile; fileRef = 84A724F424A9DA83004A2B36 /* ArchiveView.swift */; };
		84A724F724A9DF98004A2B36 /* ColorConstants.swift in Sources */ = {isa = PBXBuildFile; fileRef = 84A724F624A9DF98004A2B36 /* ColorConstants.swift */; };
		84A724F924AB14C7004A2B36 /* InfoView.swift in Sources */ = {isa = PBXBuildFile; fileRef = 84A724F824AB14C7004A2B36 /* InfoView.swift */; };
		84A724FB24AB14DB004A2B36 /* NumberDataView.swift in Sources */ = {isa = PBXBuildFile; fileRef = 84A724FA24AB14DB004A2B36 /* NumberDataView.swift */; };
		84A724FD24AB1820004A2B36 /* GraphInfoView.swift in Sources */ = {isa = PBXBuildFile; fileRef = 84A724FC24AB1820004A2B36 /* GraphInfoView.swift */; };
		84A724FF24AB1921004A2B36 /* CaloryDataViewModel.swift in Sources */ = {isa = PBXBuildFile; fileRef = 84A724FE24AB1921004A2B36 /* CaloryDataViewModel.swift */; };
		84A7250124AB1F17004A2B36 /* Wave.swift in Sources */ = {isa = PBXBuildFile; fileRef = 84A7250024AB1F17004A2B36 /* Wave.swift */; };
/* End PBXBuildFile section */

/* Begin PBXFileReference section */
		84A724D324A9CD46004A2B36 /* CaloryApp.app */ = {isa = PBXFileReference; explicitFileType = wrapper.application; includeInIndex = 0; path = CaloryApp.app; sourceTree = BUILT_PRODUCTS_DIR; };
		84A724D624A9CD46004A2B36 /* AppDelegate.swift */ = {isa = PBXFileReference; lastKnownFileType = sourcecode.swift; path = AppDelegate.swift; sourceTree = "<group>"; };
		84A724D824A9CD46004A2B36 /* SceneDelegate.swift */ = {isa = PBXFileReference; lastKnownFileType = sourcecode.swift; path = SceneDelegate.swift; sourceTree = "<group>"; };
		84A724DA24A9CD46004A2B36 /* ContentView.swift */ = {isa = PBXFileReference; lastKnownFileType = sourcecode.swift; path = ContentView.swift; sourceTree = "<group>"; };
		84A724DC24A9CD52004A2B36 /* Assets.xcassets */ = {isa = PBXFileReference; lastKnownFileType = folder.assetcatalog; path = Assets.xcassets; sourceTree = "<group>"; };
		84A724DF24A9CD52004A2B36 /* Preview Assets.xcassets */ = {isa = PBXFileReference; lastKnownFileType = folder.assetcatalog; path = "Preview Assets.xcassets"; sourceTree = "<group>"; };
		84A724E224A9CD52004A2B36 /* Base */ = {isa = PBXFileReference; lastKnownFileType = file.storyboard; name = Base; path = Base.lproj/LaunchScreen.storyboard; sourceTree = "<group>"; };
		84A724E424A9CD52004A2B36 /* Info.plist */ = {isa = PBXFileReference; lastKnownFileType = text.plist.xml; path = Info.plist; sourceTree = "<group>"; };
		84A724EC24A9CDBB004A2B36 /* MenuView.swift */ = {isa = PBXFileReference; lastKnownFileType = sourcecode.swift; path = MenuView.swift; sourceTree = "<group>"; };
		84A724EE24A9CEAA004A2B36 /* TodayDataView.swift */ = {isa = PBXFileReference; lastKnownFileType = sourcecode.swift; path = TodayDataView.swift; sourceTree = "<group>"; };
		84A724F024A9CED3004A2B36 /* AddDataView.swift */ = {isa = PBXFileReference; lastKnownFileType = sourcecode.swift; path = AddDataView.swift; sourceTree = "<group>"; };
		84A724F224A9D3FE004A2B36 /* MenuViewModel.swift */ = {isa = PBXFileReference; lastKnownFileType = sourcecode.swift; path = MenuViewModel.swift; sourceTree = "<group>"; };
		84A724F424A9DA83004A2B36 /* ArchiveView.swift */ = {isa = PBXFileReference; lastKnownFileType = sourcecode.swift; path = ArchiveView.swift; sourceTree = "<group>"; };
		84A724F624A9DF98004A2B36 /* ColorConstants.swift */ = {isa = PBXFileReference; lastKnownFileType = sourcecode.swift; path = ColorConstants.swift; sourceTree = "<group>"; };
		84A724F824AB14C7004A2B36 /* InfoView.swift */ = {isa = PBXFileReference; lastKnownFileType = sourcecode.swift; path = InfoView.swift; sourceTree = "<group>"; };
		84A724FA24AB14DB004A2B36 /* NumberDataView.swift */ = {isa = PBXFileReference; lastKnownFileType = sourcecode.swift; path = NumberDataView.swift; sourceTree = "<group>"; };
		84A724FC24AB1820004A2B36 /* GraphInfoView.swift */ = {isa = PBXFileReference; lastKnownFileType = sourcecode.swift; path = GraphInfoView.swift; sourceTree = "<group>"; };
		84A724FE24AB1921004A2B36 /* CaloryDataViewModel.swift */ = {isa = PBXFileReference; lastKnownFileType = sourcecode.swift; path = CaloryDataViewModel.swift; sourceTree = "<group>"; };
		84A7250024AB1F17004A2B36 /* Wave.swift */ = {isa = PBXFileReference; lastKnownFileType = sourcecode.swift; path = Wave.swift; sourceTree = "<group>"; };
/* End PBXFileReference section */

/* Begin PBXFrameworksBuildPhase section */
		84A724D024A9CD46004A2B36 /* Frameworks */ = {
			isa = PBXFrameworksBuildPhase;
			buildActionMask = 2147483647;
			files = (
			);
			runOnlyForDeploymentPostprocessing = 0;
		};
/* End PBXFrameworksBuildPhase section */

/* Begin PBXGroup section */
		84A724CA24A9CD46004A2B36 = {
			isa = PBXGroup;
			children = (
				84A724D524A9CD46004A2B36 /* CaloryApp */,
				84A724D424A9CD46004A2B36 /* Products */,
			);
			sourceTree = "<group>";
		};
		84A724D424A9CD46004A2B36 /* Products */ = {
			isa = PBXGroup;
			children = (
				84A724D324A9CD46004A2B36 /* CaloryApp.app */,
			);
			name = Products;
			sourceTree = "<group>";
		};
		84A724D524A9CD46004A2B36 /* CaloryApp */ = {
			isa = PBXGroup;
			children = (
				84A724DA24A9CD46004A2B36 /* ContentView.swift */,
				84A724F424A9DA83004A2B36 /* ArchiveView.swift */,
				84A724EE24A9CEAA004A2B36 /* TodayDataView.swift */,
				84A724FC24AB1820004A2B36 /* GraphInfoView.swift */,
				84A7250024AB1F17004A2B36 /* Wave.swift */,
				84A724FE24AB1921004A2B36 /* CaloryDataViewModel.swift */,
				84A724FA24AB14DB004A2B36 /* NumberDataView.swift */,
				84A724F824AB14C7004A2B36 /* InfoView.swift */,
				84A724F024A9CED3004A2B36 /* AddDataView.swift */,
				84A724F624A9DF98004A2B36 /* ColorConstants.swift */,
				84A724EC24A9CDBB004A2B36 /* MenuView.swift */,
				84A724F224A9D3FE004A2B36 /* MenuViewModel.swift */,
				84A724D624A9CD46004A2B36 /* AppDelegate.swift */,
				84A724D824A9CD46004A2B36 /* SceneDelegate.swift */,
				84A724DC24A9CD52004A2B36 /* Assets.xcassets */,
				84A724E124A9CD52004A2B36 /* LaunchScreen.storyboard */,
				84A724E424A9CD52004A2B36 /* Info.plist */,
				84A724DE24A9CD52004A2B36 /* Preview Content */,
			);
			path = CaloryApp;
			sourceTree = "<group>";
		};
		84A724DE24A9CD52004A2B36 /* Preview Content */ = {
			isa = PBXGroup;
			children = (
				84A724DF24A9CD52004A2B36 /* Preview Assets.xcassets */,
			);
			path = "Preview Content";
			sourceTree = "<group>";
		};
/* End PBXGroup section */

/* Begin PBXNativeTarget section */
		84A724D224A9CD46004A2B36 /* CaloryApp */ = {
			isa = PBXNativeTarget;
			buildConfigurationList = 84A724E724A9CD52004A2B36 /* Build configuration list for PBXNativeTarget "CaloryApp" */;
			buildPhases = (
				84A724CF24A9CD46004A2B36 /* Sources */,
				84A724D024A9CD46004A2B36 /* Frameworks */,
				84A724D124A9CD46004A2B36 /* Resources */,
			);
			buildRules = (
			);
			dependencies = (
			);
			name = CaloryApp;
			productName = CaloryApp;
			productReference = 84A724D324A9CD46004A2B36 /* CaloryApp.app */;
			productType = "com.apple.product-type.application";
		};
/* End PBXNativeTarget section */

/* Begin PBXProject section */
		84A724CB24A9CD46004A2B36 /* Project object */ = {
			isa = PBXProject;
			attributes = {
				LastSwiftUpdateCheck = 1150;
				LastUpgradeCheck = 1150;
				ORGANIZATIONNAME = a7studio;
				TargetAttributes = {
					84A724D224A9CD46004A2B36 = {
						CreatedOnToolsVersion = 11.5;
					};
				};
			};
			buildConfigurationList = 84A724CE24A9CD46004A2B36 /* Build configuration list for PBXProject "CaloryApp" */;
			compatibilityVersion = "Xcode 9.3";
			developmentRegion = en;
			hasScannedForEncodings = 0;
			knownRegions = (
				en,
				Base,
			);
			mainGroup = 84A724CA24A9CD46004A2B36;
			productRefGroup = 84A724D424A9CD46004A2B36 /* Products */;
			projectDirPath = "";
			projectRoot = "";
			targets = (
				84A724D224A9CD46004A2B36 /* CaloryApp */,
			);
		};
/* End PBXProject section */

/* Begin PBXResourcesBuildPhase section */
		84A724D124A9CD46004A2B36 /* Resources */ = {
			isa = PBXResourcesBuildPhase;
			buildActionMask = 2147483647;
			files = (
				84A724E324A9CD52004A2B36 /* LaunchScreen.storyboard in Resources */,
				84A724E024A9CD52004A2B36 /* Preview Assets.xcassets in Resources */,
				84A724DD24A9CD52004A2B36 /* Assets.xcassets in Resources */,
			);
			runOnlyForDeploymentPostprocessing = 0;
		};
/* End PBXResourcesBuildPhase section */

/* Begin PBXSourcesBuildPhase section */
		84A724CF24A9CD46004A2B36 /* Sources */ = {
			isa = PBXSourcesBuildPhase;
			buildActionMask = 2147483647;
			files = (
				84A724F124A9CED3004A2B36 /* AddDataView.swift in Sources */,
				84A724FB24AB14DB004A2B36 /* NumberDataView.swift in Sources */,
				84A724F524A9DA83004A2B36 /* ArchiveView.swift in Sources */,
				84A724F324A9D3FE004A2B36 /* MenuViewModel.swift in Sources */,
				84A7250124AB1F17004A2B36 /* Wave.swift in Sources */,
				84A724ED24A9CDBB004A2B36 /* MenuView.swift in Sources */,
				84A724D724A9CD46004A2B36 /* AppDelegate.swift in Sources */,
				84A724D924A9CD46004A2B36 /* SceneDelegate.swift in Sources */,
				84A724FD24AB1820004A2B36 /* GraphInfoView.swift in Sources */,
				84A724F724A9DF98004A2B36 /* ColorConstants.swift in Sources */,
				84A724FF24AB1921004A2B36 /* CaloryDataViewModel.swift in Sources */,
				84A724DB24A9CD46004A2B36 /* ContentView.swift in Sources */,
				84A724F924AB14C7004A2B36 /* InfoView.swift in Sources */,
				84A724EF24A9CEAA004A2B36 /* TodayDataView.swift in Sources */,
			);
			runOnlyForDeploymentPostprocessing = 0;
		};
/* End PBXSourcesBuildPhase section */

/* Begin PBXVariantGroup section */
		84A724E124A9CD52004A2B36 /* LaunchScreen.storyboard */ = {
			isa = PBXVariantGroup;
			children = (
				84A724E224A9CD52004A2B36 /* Base */,
			);
			name = LaunchScreen.storyboard;
			sourceTree = "<group>";
		};
/* End PBXVariantGroup section */

/* Begin XCBuildConfiguration section */
		84A724E524A9CD52004A2B36 /* Debug */ = {
			isa = XCBuildConfiguration;
			buildSettings = {
				ALWAYS_SEARCH_USER_PATHS = NO;
				CLANG_ANALYZER_NONNULL = YES;
				CLANG_ANALYZER_NUMBER_OBJECT_CONVERSION = YES_AGGRESSIVE;
				CLANG_CXX_LANGUAGE_STANDARD = "gnu++14";
				CLANG_CXX_LIBRARY = "libc++";
				CLANG_ENABLE_MODULES = YES;
				CLANG_ENABLE_OBJC_ARC = YES;
				CLANG_ENABLE_OBJC_WEAK = YES;
				CLANG_WARN_BLOCK_CAPTURE_AUTORELEASING = YES;
				CLANG_WARN_BOOL_CONVERSION = YES;
				CLANG_WARN_COMMA = YES;
				CLANG_WARN_CONSTANT_CONVERSION = YES;
				CLANG_WARN_DEPRECATED_OBJC_IMPLEMENTATIONS = YES;
				CLANG_WARN_DIRECT_OBJC_ISA_USAGE = YES_ERROR;
				CLANG_WARN_DOCUMENTATION_COMMENTS = YES;
				CLANG_WARN_EMPTY_BODY = YES;
				CLANG_WARN_ENUM_CONVERSION = YES;
				CLANG_WARN_INFINITE_RECURSION = YES;
				CLANG_WARN_INT_CONVERSION = YES;
				CLANG_WARN_NON_LITERAL_NULL_CONVERSION = YES;
				CLANG_WARN_OBJC_IMPLICIT_RETAIN_SELF = YES;
				CLANG_WARN_OBJC_LITERAL_CONVERSION = YES;
				CLANG_WARN_OBJC_ROOT_CLASS = YES_ERROR;
				CLANG_WARN_RANGE_LOOP_ANALYSIS = YES;
				CLANG_WARN_STRICT_PROTOTYPES = YES;
				CLANG_WARN_SUSPICIOUS_MOVE = YES;
				CLANG_WARN_UNGUARDED_AVAILABILITY = YES_AGGRESSIVE;
				CLANG_WARN_UNREACHABLE_CODE = YES;
				CLANG_WARN__DUPLICATE_METHOD_MATCH = YES;
				COPY_PHASE_STRIP = NO;
				DEBUG_INFORMATION_FORMAT = dwarf;
				ENABLE_STRICT_OBJC_MSGSEND = YES;
				ENABLE_TESTABILITY = YES;
				GCC_C_LANGUAGE_STANDARD = gnu11;
				GCC_DYNAMIC_NO_PIC = NO;
				GCC_NO_COMMON_BLOCKS = YES;
				GCC_OPTIMIZATION_LEVEL = 0;
				GCC_PREPROCESSOR_DEFINITIONS = (
					"DEBUG=1",
					"$(inherited)",
				);
				GCC_WARN_64_TO_32_BIT_CONVERSION = YES;
				GCC_WARN_ABOUT_RETURN_TYPE = YES_ERROR;
				GCC_WARN_UNDECLARED_SELECTOR = YES;
				GCC_WARN_UNINITIALIZED_AUTOS = YES_AGGRESSIVE;
				GCC_WARN_UNUSED_FUNCTION = YES;
				GCC_WARN_UNUSED_VARIABLE = YES;
				IPHONEOS_DEPLOYMENT_TARGET = 13.5;
				MTL_ENABLE_DEBUG_INFO = INCLUDE_SOURCE;
				MTL_FAST_MATH = YES;
				ONLY_ACTIVE_ARCH = YES;
				SDKROOT = iphoneos;
				SWIFT_ACTIVE_COMPILATION_CONDITIONS = DEBUG;
				SWIFT_OPTIMIZATION_LEVEL = "-Onone";
			};
			name = Debug;
		};
		84A724E624A9CD52004A2B36 /* Release */ = {
			isa = XCBuildConfiguration;
			buildSettings = {
				ALWAYS_SEARCH_USER_PATHS = NO;
				CLANG_ANALYZER_NONNULL = YES;
				CLANG_ANALYZER_NUMBER_OBJECT_CONVERSION = YES_AGGRESSIVE;
				CLANG_CXX_LANGUAGE_STANDARD = "gnu++14";
				CLANG_CXX_LIBRARY = "libc++";
				CLANG_ENABLE_MODULES = YES;
				CLANG_ENABLE_OBJC_ARC = YES;
				CLANG_ENABLE_OBJC_WEAK = YES;
				CLANG_WARN_BLOCK_CAPTURE_AUTORELEASING = YES;
				CLANG_WARN_BOOL_CONVERSION = YES;
				CLANG_WARN_COMMA = YES;
				CLANG_WARN_CONSTANT_CONVERSION = YES;
				CLANG_WARN_DEPRECATED_OBJC_IMPLEMENTATIONS = YES;
				CLANG_WARN_DIRECT_OBJC_ISA_USAGE = YES_ERROR;
				CLANG_WARN_DOCUMENTATION_COMMENTS = YES;
				CLANG_WARN_EMPTY_BODY = YES;
				CLANG_WARN_ENUM_CONVERSION = YES;
				CLANG_WARN_INFINITE_RECURSION = YES;
				CLANG_WARN_INT_CONVERSION = YES;
				CLANG_WARN_NON_LITERAL_NULL_CONVERSION = YES;
				CLANG_WARN_OBJC_IMPLICIT_RETAIN_SELF = YES;
				CLANG_WARN_OBJC_LITERAL_CONVERSION = YES;
				CLANG_WARN_OBJC_ROOT_CLASS = YES_ERROR;
				CLANG_WARN_RANGE_LOOP_ANALYSIS = YES;
				CLANG_WARN_STRICT_PROTOTYPES = YES;
				CLANG_WARN_SUSPICIOUS_MOVE = YES;
				CLANG_WARN_UNGUARDED_AVAILABILITY = YES_AGGRESSIVE;
				CLANG_WARN_UNREACHABLE_CODE = YES;
				CLANG_WARN__DUPLICATE_METHOD_MATCH = YES;
				COPY_PHASE_STRIP = NO;
				DEBUG_INFORMATION_FORMAT = "dwarf-with-dsym";
				ENABLE_NS_ASSERTIONS = NO;
				ENABLE_STRICT_OBJC_MSGSEND = YES;
				GCC_C_LANGUAGE_STANDARD = gnu11;
				GCC_NO_COMMON_BLOCKS = YES;
				GCC_WARN_64_TO_32_BIT_CONVERSION = YES;
				GCC_WARN_ABOUT_RETURN_TYPE = YES_ERROR;
				GCC_WARN_UNDECLARED_SELECTOR = YES;
				GCC_WARN_UNINITIALIZED_AUTOS = YES_AGGRESSIVE;
				GCC_WARN_UNUSED_FUNCTION = YES;
				GCC_WARN_UNUSED_VARIABLE = YES;
				IPHONEOS_DEPLOYMENT_TARGET = 13.5;
				MTL_ENABLE_DEBUG_INFO = NO;
				MTL_FAST_MATH = YES;
				SDKROOT = iphoneos;
				SWIFT_COMPILATION_MODE = wholemodule;
				SWIFT_OPTIMIZATION_LEVEL = "-O";
				VALIDATE_PRODUCT = YES;
			};
			name = Release;
		};
		84A724E824A9CD52004A2B36 /* Debug */ = {
			isa = XCBuildConfiguration;
			buildSettings = {
				ASSETCATALOG_COMPILER_APPICON_NAME = AppIcon;
				CODE_SIGN_STYLE = Automatic;
				DEVELOPMENT_ASSET_PATHS = "\"CaloryApp/Preview Content\"";
				DEVELOPMENT_TEAM = 3EYUW49QFV;
				ENABLE_PREVIEWS = YES;
				INFOPLIST_FILE = CaloryApp/Info.plist;
				LD_RUNPATH_SEARCH_PATHS = (
					"$(inherited)",
					"@executable_path/Frameworks",
				);
				PRODUCT_BUNDLE_IDENTIFIER = com.a7studio.CaloryApp;
				PRODUCT_NAME = "$(TARGET_NAME)";
				SWIFT_VERSION = 5.0;
				TARGETED_DEVICE_FAMILY = "1,2";
			};
			name = Debug;
		};
		84A724E924A9CD52004A2B36 /* Release */ = {
			isa = XCBuildConfiguration;
			buildSettings = {
				ASSETCATALOG_COMPILER_APPICON_NAME = AppIcon;
				CODE_SIGN_STYLE = Automatic;
				DEVELOPMENT_ASSET_PATHS = "\"CaloryApp/Preview Content\"";
				DEVELOPMENT_TEAM = 3EYUW49QFV;
				ENABLE_PREVIEWS = YES;
				INFOPLIST_FILE = CaloryApp/Info.plist;
				LD_RUNPATH_SEARCH_PATHS = (
					"$(inherited)",
					"@executable_path/Frameworks",
				);
				PRODUCT_BUNDLE_IDENTIFIER = com.a7studio.CaloryApp;
				PRODUCT_NAME = "$(TARGET_NAME)";
				SWIFT_VERSION = 5.0;
				TARGETED_DEVICE_FAMILY = "1,2";
			};
			name = Release;
		};
/* End XCBuildConfiguration section */

/* Begin XCConfigurationList section */
		84A724CE24A9CD46004A2B36 /* Build configuration list for PBXProject "CaloryApp" */ = {
			isa = XCConfigurationList;
			buildConfigurations = (
				84A724E524A9CD52004A2B36 /* Debug */,
				84A724E624A9CD52004A2B36 /* Release */,
			);
			defaultConfigurationIsVisible = 0;
			defaultConfigurationName = Release;
		};
		84A724E724A9CD52004A2B36 /* Build configuration list for PBXNativeTarget "CaloryApp" */ = {
			isa = XCConfigurationList;
			buildConfigurations = (
				84A724E824A9CD52004A2B36 /* Debug */,
				84A724E924A9CD52004A2B36 /* Release */,
			);
			defaultConfigurationIsVisible = 0;
			defaultConfigurationName = Release;
		};
/* End XCConfigurationList section */
	};
	rootObject = 84A724CB24A9CD46004A2B36 /* Project object */;
}
